
Microsoft Visual Studio Solution File, Format Version 12.00
# Visual Studio 15
VisualStudioVersion = 15.0.27130.2010
MinimumVisualStudioVersion = 10.0.40219.1
Project("{FAE04EC0-301F-11D3-BF4B-00C04F79EFBC}") = "SimpleTask", "SimpleTask\SimpleTask.csproj", "{DC63D344-E8AF-4FAB-B922-FDC6D2669580}"
EndProject
Project("{FAE04EC0-301F-11D3-BF4B-00C04F79EFBC}") = "SimpleTask.Helper", "SimpleTask.Helper\SimpleTask.Helper.csproj", "{11D52847-DE2B-4CD7-96C2-55D3163C80AD}"
EndProject
Project("{FAE04EC0-301F-11D3-BF4B-00C04F79EFBC}") = "SimpleTask.Services", "SimpleTask.Services\SimpleTask.Services.csproj", "{0CEA35BB-6E84-4999-97B2-9AF2E155CC59}"
EndProject
Global
	GlobalSection(SolutionConfigurationPlatforms) = preSolution
		Debug|Any CPU = Debug|Any CPU
		Release|Any CPU = Release|Any CPU
	EndGlobalSection
	GlobalSection(ProjectConfigurationPlatforms) = postSolution
		{DC63D344-E8AF-4FAB-B922-FDC6D2669580}.Debug|Any CPU.ActiveCfg = Debug|Any CPU
		{DC63D344-E8AF-4FAB-B922-FDC6D2669580}.Debug|Any CPU.Build.0 = Debug|Any CPU
		{DC63D344-E8AF-4FAB-B922-FDC6D2669580}.Release|Any CPU.ActiveCfg = Release|Any CPU
		{DC63D344-E8AF-4FAB-B922-FDC6D2669580}.Release|Any CPU.Build.0 = Release|Any CPU
		{11D52847-DE2B-4CD7-96C2-55D3163C80AD}.Debug|Any CPU.ActiveCfg = Debug|Any CPU
		{11D52847-DE2B-4CD7-96C2-55D3163C80AD}.Debug|Any CPU.Build.0 = Debug|Any CPU
		{11D52847-DE2B-4CD7-96C2-55D3163C80AD}.Release|Any CPU.ActiveCfg = Release|Any CPU
		{11D52847-DE2B-4CD7-96C2-55D3163C80AD}.Release|Any CPU.Build.0 = Release|Any CPU
		{0CEA35BB-6E84-4999-97B2-9AF2E155CC59}.Debug|Any CPU.ActiveCfg = Debug|Any CPU
		{0CEA35BB-6E84-4999-97B2-9AF2E155CC59}.Debug|Any CPU.Build.0 = Debug|Any CPU
		{0CEA35BB-6E84-4999-97B2-9AF2E155CC59}.Release|Any CPU.ActiveCfg = Release|Any CPU
		{0CEA35BB-6E84-4999-97B2-9AF2E155CC59}.Release|Any CPU.Build.0 = Release|Any CPU
	EndGlobalSection
	GlobalSection(SolutionProperties) = preSolution
		HideSolutionNode = FALSE
	EndGlobalSection
	GlobalSection(ExtensibilityGlobals) = postSolution
		SolutionGuid = {0E4C2801-5D26-423F-B28E-8EFDAEAE0408}
	EndGlobalSection
EndGlobal
